{
  "name": "example",
  "version": "0.1.0",
  "lockfileVersion": 1,
  "requires": true,
  "dependencies": {
    "@apollo/client": {
      "version": "3.5.8",
      "resolved": "https://registry.npmjs.org/@apollo/client/-/client-3.5.8.tgz",
      "integrity": "sha512-MAm05+I1ullr64VLpZwon/ISnkMuNLf6vDqgo9wiMhHYBGT4yOAbAIseRdjCHZwfSx/7AUuBgaTNOssZPIr6FQ==",
      "requires": {
        "@graphql-typed-document-node/core": "^3.0.0",
        "@wry/context": "^0.6.0",
        "@wry/equality": "^0.5.0",
        "@wry/trie": "^0.3.0",
        "graphql-tag": "^2.12.3",
        "hoist-non-react-statics": "^3.3.2",
        "optimism": "^0.16.1",
        "prop-types": "^15.7.2",
        "symbol-observable": "^4.0.0",
        "ts-invariant": "^0.9.4",
        "tslib": "^2.3.0",
        "zen-observable-ts": "^1.2.0"
      }
    },
    "@graphql-typed-document-node/core": {
      "version": "3.1.1",
      "resolved": "https://registry.npmjs.org/@graphql-typed-document-node/core/-/core-3.1.1.tgz",
      "integrity": "sha512-NQ17ii0rK1b34VZonlmT2QMJFI70m0TRwbknO/ihlbatXyaktDhN/98vBiUU6kNBPljqGqyIrl2T4nY2RpFANg=="
    },
    "@urql/core": {
      "version": "2.4.0",
      "resolved": "https://registry.npmjs.org/@urql/core/-/core-2.4.0.tgz",
      "integrity": "sha512-Zc99Czj7FS9+awGrEKuRNIlhQ9n2LyoJMRofqsVlSxiNgJhar9IdNqSk3Xesom74tznQmMoNR0kBsHYwgFdTTg==",
      "requires": {
        "@graphql-typed-document-node/core": "^3.1.1",
        "wonka": "^4.0.14"
      }
    },
    "@wry/context": {
      "version": "0.6.1",
      "resolved": "https://registry.npmjs.org/@wry/context/-/context-0.6.1.tgz",
      "integrity": "sha512-LOmVnY1iTU2D8tv4Xf6MVMZZ+juIJ87Kt/plMijjN20NMAXGmH4u8bS1t0uT74cZ5gwpocYueV58YwyI8y+GKw==",
      "requires": {
        "tslib": "^2.3.0"
      }
    },
    "@wry/equality": {
      "version": "0.5.2",
      "resolved": "https://registry.npmjs.org/@wry/equality/-/equality-0.5.2.tgz",
      "integrity": "sha512-oVMxbUXL48EV/C0/M7gLVsoK6qRHPS85x8zECofEZOVvxGmIPLA9o5Z27cc2PoAyZz1S2VoM2A7FLAnpfGlneA==",
      "requires": {
        "tslib": "^2.3.0"
      }
    },
    "@wry/trie": {
      "version": "0.3.1",
      "resolved": "https://registry.npmjs.org/@wry/trie/-/trie-0.3.1.tgz",
      "integrity": "sha512-WwB53ikYudh9pIorgxrkHKrQZcCqNM/Q/bDzZBffEaGUKGuHrRb3zZUT9Sh2qw9yogC7SsdRmQ1ER0pqvd3bfw==",
      "requires": {
        "tslib": "^2.3.0"
      }
    },
    "graphql": {
      "version": "16.3.0",
      "resolved": "https://registry.npmjs.org/graphql/-/graphql-16.3.0.tgz",
      "integrity": "sha512-xm+ANmA16BzCT5pLjuXySbQVFwH3oJctUVdy81w1sV0vBU0KgDdBGtxQOUd5zqOBk/JayAFeG8Dlmeq74rjm/A=="
    },
    "graphql-tag": {
      "version": "2.12.6",
      "resolved": "https://registry.npmjs.org/graphql-tag/-/graphql-tag-2.12.6.tgz",
      "integrity": "sha512-FdSNcu2QQcWnM2VNvSCCDCVS5PpPqpzgFT8+GXzqJuoDd0CBncxCY278u4mhRO7tMgo2JjgJA5aZ+nWSQ/Z+xg==",
      "requires": {
        "tslib": "^2.1.0"
      }
    },
    "hoist-non-react-statics": {
      "version": "3.3.2",
      "resolved": "https://registry.npmjs.org/hoist-non-react-statics/-/hoist-non-react-statics-3.3.2.tgz",
      "integrity": "sha512-/gGivxi8JPKWNm/W0jSmzcMPpfpPLc3dY/6GxhX2hQ9iGj3aDfklV4ET7NjKpSinLpJ5vafa9iiGIEZg10SfBw==",
      "requires": {
        "react-is": "^16.7.0"
      }
    },
    "js-tokens": {
      "version": "4.0.0",
      "resolved": "https://registry.npmjs.org/js-tokens/-/js-tokens-4.0.0.tgz",
      "integrity": "sha512-RdJUflcE3cUzKiMqQgsCu06FPu9UdIJO0beYbPhHN4k6apgJtifcoCtT9bcxOpYBtpD2kCM6Sbzg4CausW/PKQ=="
    },
    "loose-envify": {
      "version": "1.4.0",
      "resolved": "https://registry.npmjs.org/loose-envify/-/loose-envify-1.4.0.tgz",
      "integrity": "sha512-lyuxPGr/Wfhrlem2CL/UcnUc1zcqKAImBDzukY7Y5F/yQiNdko6+fRLevlw1HgMySw7f611UIY408EtxRSoK3Q==",
      "requires": {
        "js-tokens": "^3.0.0 || ^4.0.0"
      }
    },
    "object-assign": {
      "version": "4.1.1",
      "resolved": "https://registry.npmjs.org/object-assign/-/object-assign-4.1.1.tgz",
      "integrity": "sha1-IQmtx5ZYh8/AXLvUQsrIv7s2CGM="
    },
    "optimism": {
      "version": "0.16.1",
      "resolved": "https://registry.npmjs.org/optimism/-/optimism-0.16.1.tgz",
      "integrity": "sha512-64i+Uw3otrndfq5kaoGNoY7pvOhSsjFEN4bdEFh80MWVk/dbgJfMv7VFDeCT8LxNAlEVhQmdVEbfE7X2nWNIIg==",
      "requires": {
        "@wry/context": "^0.6.0",
        "@wry/trie": "^0.3.0"
      }
    },
    "prop-types": {
      "version": "15.8.1",
      "resolved": "https://registry.npmjs.org/prop-types/-/prop-types-15.8.1.tgz",
      "integrity": "sha512-oj87CgZICdulUohogVAR7AjlC0327U4el4L6eAvOqCeudMDVU0NThNaV+b9Df4dXgSP1gXMTnPdhfe/2qDH5cg==",
      "requires": {
        "loose-envify": "^1.4.0",
        "object-assign": "^4.1.1",
        "react-is": "^16.13.1"
      }
    },
    "react": {
      "version": "17.0.2",
      "resolved": "https://registry.npmjs.org/react/-/react-17.0.2.tgz",
      "integrity": "sha512-gnhPt75i/dq/z3/6q/0asP78D0u592D5L1pd7M8P+dck6Fu/jJeL6iVVK23fptSUZj8Vjf++7wXA8UNclGQcbA==",
      "requires": {
        "loose-envify": "^1.1.0",
        "object-assign": "^4.1.1"
      }
    },
    "react-is": {
      "version": "16.13.1",
      "resolved": "https://registry.npmjs.org/react-is/-/react-is-16.13.1.tgz",
      "integrity": "sha512-24e6ynE2H+OKt4kqsOvNd8kBpV65zoxbA4BVsEOB3ARVWQki/DHzaUoC5KuON/BiccDaCCTZBuOcfZs70kR8bQ=="
    },
    "symbol-observable": {
      "version": "4.0.0",
      "resolved": "https://registry.npmjs.org/symbol-observable/-/symbol-observable-4.0.0.tgz",
      "integrity": "sha512-b19dMThMV4HVFynSAM1++gBHAbk2Tc/osgLIBZMKsyqh34jb2e8Os7T6ZW/Bt3pJFdBTd2JwAnAAEQV7rSNvcQ=="
    },
    "ts-invariant": {
      "version": "0.9.4",
      "resolved": "https://registry.npmjs.org/ts-invariant/-/ts-invariant-0.9.4.tgz",
      "integrity": "sha512-63jtX/ZSwnUNi/WhXjnK8kz4cHHpYS60AnmA6ixz17l7E12a5puCWFlNpkne5Rl0J8TBPVHpGjsj4fxs8ObVLQ==",
      "requires": {
        "tslib": "^2.1.0"
      }
    },
    "tslib": {
      "version": "2.3.1",
      "resolved": "https://registry.npmjs.org/tslib/-/tslib-2.3.1.tgz",
      "integrity": "sha512-77EbyPPpMz+FRFRuAFlWMtmgUWGe9UOG2Z25NqCwiIjRhOf5iKGuzSe5P2w1laq+FkRy4p+PCuVkJSGkzTEKVw=="
    },
    "urql": {
      "version": "2.1.1",
      "resolved": "https://registry.npmjs.org/urql/-/urql-2.1.1.tgz",
      "integrity": "sha512-fx06r6ZML6ez9y1OKS/MBPjOI3YCoZVCFQ4TiDWBV61gjTEpBoLOeibYekUsJM86K/QOTWa37Zml0WHTQyYJ1g==",
      "requires": {
        "@urql/core": "^2.4.0",
        "use-sync-external-store": "1.0.0-rc.0 || ^1.0.0",
        "wonka": "^4.0.14"
      }
    },
    "use-sync-external-store": {
      "version": "1.0.0-rc.0",
      "resolved": "https://registry.npmjs.org/use-sync-external-store/-/use-sync-external-store-1.0.0-rc.0.tgz",
      "integrity": "sha512-0U9Xlc2QDFzSGMB0DvcJQL0+DIdxDPJC7mnZlYFbl7wrSrPMcs89X5TVkNB6Dzg618m8lZop+U+J6ow3vq9RAQ=="
    },
    "wonka": {
      "version": "4.0.15",
      "resolved": "https://registry.npmjs.org/wonka/-/wonka-4.0.15.tgz",
      "integrity": "sha512-U0IUQHKXXn6PFo9nqsHphVCE5m3IntqZNB9Jjn7EB1lrR7YTDY3YWgFvEvwniTzXSvOH/XMzAZaIfJF/LvHYXg=="
    },
    "zen-observable": {
      "version": "0.8.15",
      "resolved": "https://registry.npmjs.org/zen-observable/-/zen-observable-0.8.15.tgz",
      "integrity": "sha512-PQ2PC7R9rslx84ndNBZB/Dkv8V8fZEpk83RLgXtYd0fwUgEjseMn1Dgajh2x6S8QbZAFa9p2qVCEuYZNgve0dQ=="
    },
    "zen-observable-ts": {
      "version": "1.2.3",
      "resolved": "https://registry.npmjs.org/zen-observable-ts/-/zen-observable-ts-1.2.3.tgz",
      "integrity": "sha512-hc/TGiPkAWpByykMwDcem3SdUgA4We+0Qb36bItSuJC9xD0XVBZoFHYoadAomDSNf64CG8Ydj0Qb8Od8BUWz5g==",
      "requires": {
        "zen-observable": "0.8.15"
      }
    }
  }
}
